
Microsoft Visual Studio Solution File, Format Version 12.00
# Visual Studio Version 17
VisualStudioVersion = 17.8.34205.153
MinimumVisualStudioVersion = 10.0.40219.1
Project("{FAE04EC0-301F-11D3-BF4B-00C04F79EFBC}") = "Notes.Identity", "Notes.Identity\Notes.Identity.csproj", "{C9F7AB85-10C3-4D5D-8D28-8BF4FAAEA394}"
EndProject
Global
	GlobalSection(SolutionConfigurationPlatforms) = preSolution
		Debug|Any CPU = Debug|Any CPU
		Release|Any CPU = Release|Any CPU
	EndGlobalSection
	GlobalSection(ProjectConfigurationPlatforms) = postSolution
		{C9F7AB85-10C3-4D5D-8D28-8BF4FAAEA394}.Debug|Any CPU.ActiveCfg = Debug|Any CPU
		{C9F7AB85-10C3-4D5D-8D28-8BF4FAAEA394}.Debug|Any CPU.Build.0 = Debug|Any CPU
		{C9F7AB85-10C3-4D5D-8D28-8BF4FAAEA394}.Release|Any CPU.ActiveCfg = Release|Any CPU
		{C9F7AB85-10C3-4D5D-8D28-8BF4FAAEA394}.Release|Any CPU.Build.0 = Release|Any CPU
	EndGlobalSection
	GlobalSection(SolutionProperties) = preSolution
		HideSolutionNode = FALSE
	EndGlobalSection
	GlobalSection(ExtensibilityGlobals) = postSolution
		SolutionGuid = {A280A5AA-DB08-464B-9B98-69FE45D7599E}
	EndGlobalSection
EndGlobal
